
Microsoft Visual Studio Solution File, Format Version 12.00
# Visual Studio Version 17
VisualStudioVersion = 17.13.35931.197 d17.13
MinimumVisualStudioVersion = 10.0.40219.1
Project("{FAE04EC0-301F-11D3-BF4B-00C04F79EFBC}") = "BE-Productos", "BE-Productos\BE-Productos.csproj", "{6E7EBB4D-4BBA-4BE2-BB44-38F4BF0C484C}"
EndProject
Global
	GlobalSection(SolutionConfigurationPlatforms) = preSolution
		Debug|Any CPU = Debug|Any CPU
		Release|Any CPU = Release|Any CPU
	EndGlobalSection
	GlobalSection(ProjectConfigurationPlatforms) = postSolution
		{6E7EBB4D-4BBA-4BE2-BB44-38F4BF0C484C}.Debug|Any CPU.ActiveCfg = Debug|Any CPU
		{6E7EBB4D-4BBA-4BE2-BB44-38F4BF0C484C}.Debug|Any CPU.Build.0 = Debug|Any CPU
		{6E7EBB4D-4BBA-4BE2-BB44-38F4BF0C484C}.Release|Any CPU.ActiveCfg = Release|Any CPU
		{6E7EBB4D-4BBA-4BE2-BB44-38F4BF0C484C}.Release|Any CPU.Build.0 = Release|Any CPU
	EndGlobalSection
	GlobalSection(SolutionProperties) = preSolution
		HideSolutionNode = FALSE
	EndGlobalSection
	GlobalSection(ExtensibilityGlobals) = postSolution
		SolutionGuid = {1E831265-33D3-40FC-A992-4D0987611D3A}
	EndGlobalSection
EndGlobal
